
Microsoft Visual Studio Solution File, Format Version 12.00
#
Project("{FAE04EC0-301F-11D3-BF4B-00C04F79EFBC}") = "ACS.Core", "ACS.Core\ACS.Core.csproj", "{E72BB61C-D2E6-4462-9E4E-E8C92371AB82}"
EndProject
Project("{FAE04EC0-301F-11D3-BF4B-00C04F79EFBC}") = "ACS.Communication", "ACS.Communication\ACS.Communication.csproj", "{F4E46CD2-C359-497B-9434-7C3B34F8D4C2}"
EndProject
Project("{FAE04EC0-301F-11D3-BF4B-00C04F79EFBC}") = "ACS.App", "ACS.App\ACS.App.csproj", "{ACD4E756-2457-41F1-A98B-75FFC60C6B80}"
EndProject
Project("{FAE04EC0-301F-11D3-BF4B-00C04F79EFBC}") = "ACS.Elsa", "ACS.Elsa\ACS.Elsa.csproj", "{B37E2B28-F90B-4B40-B3C3-BBF10BB6C10E}"
EndProject
Project("{FAE04EC0-301F-11D3-BF4B-00C04F79EFBC}") = "ACS.Manager", "ACS.Manager\ACS.Manager.csproj", "{F1A871B4-8D46-4339-B1EE-59B59D3B53BC}"
EndProject
Project("{FAE04EC0-301F-11D3-BF4B-00C04F79EFBC}") = "ACS.Service", "ACS.Service\ACS.Service.csproj", "{83C82D49-0267-4C2F-B81B-E03201269618}"
EndProject
Project("{FAE04EC0-301F-11D3-BF4B-00C04F79EFBC}") = "ACS.Elsa.Studio", "ACS.Elsa.Studio\ACS.Elsa.Studio.csproj", "{650B5CD2-C3AC-4531-897E-E544E2BAB52C}"
EndProject
Project("{FAE04EC0-301F-11D3-BF4B-00C04F79EFBC}") = "ACS.Elsa.Studio.Client", "ACS.Elsa.Studio.Client\ACS.Elsa.Studio.Client.csproj", "{E35A991A-2C51-4214-9346-F25B131EE8CC}"
EndProject
Project("{FAE04EC0-301F-11D3-BF4B-00C04F79EFBC}") = "ACS.Activity", "ACS.Activity\ACS.Activity.csproj", "{40635C74-57AC-4153-9765-D51F586CE44F}"
EndProject
Project("{2150E333-8FDC-42A3-9474-1A3956D46DE8}") = "Workflow", "Workflow", "{2CA8FF9E-BE2F-46D7-AC70-07752417A20D}"
EndProject
Global
	GlobalSection(SolutionConfigurationPlatforms) = preSolution
		Debug|Any CPU = Debug|Any CPU
		Release|Any CPU = Release|Any CPU
	EndGlobalSection
	GlobalSection(ProjectConfigurationPlatforms) = postSolution
		{E72BB61C-D2E6-4462-9E4E-E8C92371AB82}.Debug|Any CPU.ActiveCfg = Debug|Any CPU
		{E72BB61C-D2E6-4462-9E4E-E8C92371AB82}.Debug|Any CPU.Build.0 = Debug|Any CPU
		{E72BB61C-D2E6-4462-9E4E-E8C92371AB82}.Release|Any CPU.ActiveCfg = Release|Any CPU
		{E72BB61C-D2E6-4462-9E4E-E8C92371AB82}.Release|Any CPU.Build.0 = Release|Any CPU
		{F4E46CD2-C359-497B-9434-7C3B34F8D4C2}.Debug|Any CPU.ActiveCfg = Debug|Any CPU
		{F4E46CD2-C359-497B-9434-7C3B34F8D4C2}.Debug|Any CPU.Build.0 = Debug|Any CPU
		{F4E46CD2-C359-497B-9434-7C3B34F8D4C2}.Release|Any CPU.ActiveCfg = Release|Any CPU
		{F4E46CD2-C359-497B-9434-7C3B34F8D4C2}.Release|Any CPU.Build.0 = Release|Any CPU
		{ACD4E756-2457-41F1-A98B-75FFC60C6B80}.Debug|Any CPU.ActiveCfg = Debug|Any CPU
		{ACD4E756-2457-41F1-A98B-75FFC60C6B80}.Debug|Any CPU.Build.0 = Debug|Any CPU
		{ACD4E756-2457-41F1-A98B-75FFC60C6B80}.Release|Any CPU.ActiveCfg = Release|Any CPU
		{ACD4E756-2457-41F1-A98B-75FFC60C6B80}.Release|Any CPU.Build.0 = Release|Any CPU
		{B37E2B28-F90B-4B40-B3C3-BBF10BB6C10E}.Debug|Any CPU.ActiveCfg = Debug|Any CPU
		{B37E2B28-F90B-4B40-B3C3-BBF10BB6C10E}.Debug|Any CPU.Build.0 = Debug|Any CPU
		{B37E2B28-F90B-4B40-B3C3-BBF10BB6C10E}.Release|Any CPU.ActiveCfg = Release|Any CPU
		{B37E2B28-F90B-4B40-B3C3-BBF10BB6C10E}.Release|Any CPU.Build.0 = Release|Any CPU
		{F1A871B4-8D46-4339-B1EE-59B59D3B53BC}.Debug|Any CPU.ActiveCfg = Debug|Any CPU
		{F1A871B4-8D46-4339-B1EE-59B59D3B53BC}.Debug|Any CPU.Build.0 = Debug|Any CPU
		{F1A871B4-8D46-4339-B1EE-59B59D3B53BC}.Release|Any CPU.ActiveCfg = Release|Any CPU
		{F1A871B4-8D46-4339-B1EE-59B59D3B53BC}.Release|Any CPU.Build.0 = Release|Any CPU
		{83C82D49-0267-4C2F-B81B-E03201269618}.Debug|Any CPU.ActiveCfg = Debug|Any CPU
		{83C82D49-0267-4C2F-B81B-E03201269618}.Debug|Any CPU.Build.0 = Debug|Any CPU
		{83C82D49-0267-4C2F-B81B-E03201269618}.Release|Any CPU.ActiveCfg = Release|Any CPU
		{83C82D49-0267-4C2F-B81B-E03201269618}.Release|Any CPU.Build.0 = Release|Any CPU
		{650B5CD2-C3AC-4531-897E-E544E2BAB52C}.Debug|Any CPU.ActiveCfg = Debug|Any CPU
		{650B5CD2-C3AC-4531-897E-E544E2BAB52C}.Debug|Any CPU.Build.0 = Debug|Any CPU
		{650B5CD2-C3AC-4531-897E-E544E2BAB52C}.Release|Any CPU.ActiveCfg = Release|Any CPU
		{650B5CD2-C3AC-4531-897E-E544E2BAB52C}.Release|Any CPU.Build.0 = Release|Any CPU
		{E35A991A-2C51-4214-9346-F25B131EE8CC}.Debug|Any CPU.ActiveCfg = Debug|Any CPU
		{E35A991A-2C51-4214-9346-F25B131EE8CC}.Debug|Any CPU.Build.0 = Debug|Any CPU
		{E35A991A-2C51-4214-9346-F25B131EE8CC}.Release|Any CPU.ActiveCfg = Release|Any CPU
		{E35A991A-2C51-4214-9346-F25B131EE8CC}.Release|Any CPU.Build.0 = Release|Any CPU
		{40635C74-57AC-4153-9765-D51F586CE44F}.Debug|Any CPU.ActiveCfg = Debug|Any CPU
		{40635C74-57AC-4153-9765-D51F586CE44F}.Debug|Any CPU.Build.0 = Debug|Any CPU
		{40635C74-57AC-4153-9765-D51F586CE44F}.Release|Any CPU.ActiveCfg = Release|Any CPU
		{40635C74-57AC-4153-9765-D51F586CE44F}.Release|Any CPU.Build.0 = Release|Any CPU
	EndGlobalSection
	GlobalSection(NestedProjects) = preSolution
		{B37E2B28-F90B-4B40-B3C3-BBF10BB6C10E} = {2CA8FF9E-BE2F-46D7-AC70-07752417A20D}
		{650B5CD2-C3AC-4531-897E-E544E2BAB52C} = {2CA8FF9E-BE2F-46D7-AC70-07752417A20D}
		{E35A991A-2C51-4214-9346-F25B131EE8CC} = {2CA8FF9E-BE2F-46D7-AC70-07752417A20D}
		{40635C74-57AC-4153-9765-D51F586CE44F} = {2CA8FF9E-BE2F-46D7-AC70-07752417A20D}
	EndGlobalSection
EndGlobal
